
Microsoft Visual Studio Solution File, Format Version 12.00
# Visual Studio Version 16
VisualStudioVersion = 16.0.28729.10
MinimumVisualStudioVersion = 10.0.40219.1
Project("{FAE04EC0-301F-11D3-BF4B-00C04F79EFBC}") = "githubupload", "githubupload\githubupload.csproj", "{C05E3940-D261-408A-A493-E65280743A9F}"
EndProject
Global
	GlobalSection(SolutionConfigurationPlatforms) = preSolution
		Debug|Any CPU = Debug|Any CPU
		Release|Any CPU = Release|Any CPU
	EndGlobalSection
	GlobalSection(ProjectConfigurationPlatforms) = postSolution
		{C05E3940-D261-408A-A493-E65280743A9F}.Debug|Any CPU.ActiveCfg = Debug|Any CPU
		{C05E3940-D261-408A-A493-E65280743A9F}.Debug|Any CPU.Build.0 = Debug|Any CPU
		{C05E3940-D261-408A-A493-E65280743A9F}.Release|Any CPU.ActiveCfg = Release|Any CPU
		{C05E3940-D261-408A-A493-E65280743A9F}.Release|Any CPU.Build.0 = Release|Any CPU
	EndGlobalSection
	GlobalSection(SolutionProperties) = preSolution
		HideSolutionNode = FALSE
	EndGlobalSection
	GlobalSection(ExtensibilityGlobals) = postSolution
		SolutionGuid = {DED2A8E6-50CE-4D86-9E3B-DA1D2DC40732}
	EndGlobalSection
EndGlobal
